lockfileVersion: '9.0'

settings:
  autoInstallPeers: true
  excludeLinksFromLockfile: false

importers:

  .:
    dependencies:
      '@effect/opentelemetry':
        specifier: ^0.34.2
        version: 0.34.2(@opentelemetry/api@1.8.0)(@opentelemetry/resources@1.24.0(@opentelemetry/api@1.8.0))(@opentelemetry/sdk-metrics@1.24.0(@opentelemetry/api@1.8.0))(@opentelemetry/sdk-trace-base@1.24.0(@opentelemetry/api@1.8.0))(@opentelemetry/sdk-trace-node@1.24.0(@opentelemetry/api@1.8.0))(@opentelemetry/sdk-trace-web@1.24.0(@opentelemetry/api@1.8.0))(@opentelemetry/semantic-conventions@1.24.0)(effect@3.1.2)
      '@effect/platform':
        specifier: ^0.52.2
        version: 0.52.2(@effect/schema@0.66.14(effect@3.1.2)(fast-check@3.15.1))(effect@3.1.2)(ws@8.17.0)
      '@effect/platform-node':
        specifier: ^0.48.3
        version: 0.48.3(@effect/platform@0.52.2(@effect/schema@0.66.14(effect@3.1.2)(fast-check@3.15.1))(effect@3.1.2)(ws@8.17.0))(effect@3.1.2)
      '@effect/schema':
        specifier: ^0.66.14
        version: 0.66.14(effect@3.1.2)(fast-check@3.15.1)
      '@opentelemetry/sdk-metrics':
        specifier: ^1.24.0
        version: 1.24.0(@opentelemetry/api@1.8.0)
      '@opentelemetry/sdk-trace-base':
        specifier: ^1.24.0
        version: 1.24.0(@opentelemetry/api@1.8.0)
      '@opentelemetry/sdk-trace-node':
        specifier: ^1.24.0
        version: 1.24.0(@opentelemetry/api@1.8.0)
      '@opentelemetry/sdk-trace-web':
        specifier: ^1.24.0
        version: 1.24.0(@opentelemetry/api@1.8.0)
      effect:
        specifier: ^3.1.2
        version: 3.1.2
    devDependencies:
      '@types/node':
        specifier: ^20.12.8
        version: 20.12.8
      tsx:
        specifier: ^4.9.0
        version: 4.9.0
      typescript:
        specifier: ^5.4.5
        version: 5.4.5

packages:

  '@effect/opentelemetry@0.34.2':
    resolution: {integrity: sha512-a0CvEceD9z3oHdHIZQvg/bQUnzci8JBq2nv2pL6P8T/QcTvUajvDB6ZISBBm6ZSiMWPOSDS2lpMGUvG75RMvMA==}
    peerDependencies:
      '@opentelemetry/api': ^1.6
      '@opentelemetry/resources': ^1.22
      '@opentelemetry/sdk-metrics': ^1.22
      '@opentelemetry/sdk-trace-base': ^1.22
      '@opentelemetry/sdk-trace-node': ^1.22
      '@opentelemetry/sdk-trace-web': ^1.22
      '@opentelemetry/semantic-conventions': ^1.22
      effect: ^3.1.2
    peerDependenciesMeta:
      '@opentelemetry/sdk-metrics':
        optional: true
      '@opentelemetry/sdk-trace-base':
        optional: true
      '@opentelemetry/sdk-trace-node':
        optional: true
      '@opentelemetry/sdk-trace-web':
        optional: true

  '@effect/platform-node-shared@0.4.17':
    resolution: {integrity: sha512-iYUYIDGhEIGd8eUVyG9V2+GfRR/6Xh3TlaLqB6iaLPzkDp4kj+Kj5d1HVv8xAxHJ/p3I58YblBQp4eN7fSfg8Q==}
    peerDependencies:
      '@effect/platform': ^0.52.2
      effect: ^3.1.2

  '@effect/platform-node@0.48.3':
    resolution: {integrity: sha512-bvkbRPhpBeJZ8iJkST+E9O9bWVbIwt3EOu5iCyh79ujF847vLuVURDZlvNUKlVvA5my2lchl13kjUmrAVoumlg==}
    peerDependencies:
      '@effect/platform': ^0.52.2
      effect: ^3.1.2

  '@effect/platform@0.52.2':
    resolution: {integrity: sha512-1XOyE10gJdL5EsV8L29gpDQp1BbbZ3MPJOQD3vy+r02LfPprtGLm+xG2mpaBc60p2QlxpC4ZRXsXiA89LsYu+w==}
    peerDependencies:
      '@effect/schema': ^0.66.14
      effect: ^3.1.2

  '@effect/schema@0.66.14':
    resolution: {integrity: sha512-2Yc6gnXpcMmwQnbU2JUwDl0ckeOJmFZzteXn2jjVWuNi9PGv+jp2yK7jxv0pALcieuYwdR5tKkCRI7STuhEwfg==}
    peerDependencies:
      effect: ^3.1.2
      fast-check: ^3.13.2

  '@esbuild/aix-ppc64@0.20.2':
    resolution: {integrity: sha512-D+EBOJHXdNZcLJRBkhENNG8Wji2kgc9AZ9KiPr1JuZjsNtyHzrsfLRrY0tk2H2aoFu6RANO1y1iPPUCDYWkb5g==}
    engines: {node: '>=12'}
    cpu: [ppc64]
    os: [aix]

  '@esbuild/android-arm64@0.20.2':
    resolution: {integrity: sha512-mRzjLacRtl/tWU0SvD8lUEwb61yP9cqQo6noDZP/O8VkwafSYwZ4yWy24kan8jE/IMERpYncRt2dw438LP3Xmg==}
    engines: {node: '>=12'}
    cpu: [arm64]
    os: [android]

  '@esbuild/android-arm@0.20.2':
    resolution: {integrity: sha512-t98Ra6pw2VaDhqNWO2Oph2LXbz/EJcnLmKLGBJwEwXX/JAN83Fym1rU8l0JUWK6HkIbWONCSSatf4sf2NBRx/w==}
    engines: {node: '>=12'}
    cpu: [arm]
    os: [android]

  '@esbuild/android-x64@0.20.2':
    resolution: {integrity: sha512-btzExgV+/lMGDDa194CcUQm53ncxzeBrWJcncOBxuC6ndBkKxnHdFJn86mCIgTELsooUmwUm9FkhSp5HYu00Rg==}
    engines: {node: '>=12'}
    cpu: [x64]
    os: [android]

  '@esbuild/darwin-arm64@0.20.2':
    resolution: {integrity: sha512-4J6IRT+10J3aJH3l1yzEg9y3wkTDgDk7TSDFX+wKFiWjqWp/iCfLIYzGyasx9l0SAFPT1HwSCR+0w/h1ES/MjA==}
    engines: {node: '>=12'}
    cpu: [arm64]
    os: [darwin]

  '@esbuild/darwin-x64@0.20.2':
    resolution: {integrity: sha512-tBcXp9KNphnNH0dfhv8KYkZhjc+H3XBkF5DKtswJblV7KlT9EI2+jeA8DgBjp908WEuYll6pF+UStUCfEpdysA==}
    engines: {node: '>=12'}
    cpu: [x64]
    os: [darwin]

  '@esbuild/freebsd-arm64@0.20.2':
    resolution: {integrity: sha512-d3qI41G4SuLiCGCFGUrKsSeTXyWG6yem1KcGZVS+3FYlYhtNoNgYrWcvkOoaqMhwXSMrZRl69ArHsGJ9mYdbbw==}
    engines: {node: '>=12'}
    cpu: [arm64]
    os: [freebsd]

  '@esbuild/freebsd-x64@0.20.2':
    resolution: {integrity: sha512-d+DipyvHRuqEeM5zDivKV1KuXn9WeRX6vqSqIDgwIfPQtwMP4jaDsQsDncjTDDsExT4lR/91OLjRo8bmC1e+Cw==}
    engines: {node: '>=12'}
    cpu: [x64]
    os: [freebsd]

  '@esbuild/linux-arm64@0.20.2':
    resolution: {integrity: sha512-9pb6rBjGvTFNira2FLIWqDk/uaf42sSyLE8j1rnUpuzsODBq7FvpwHYZxQ/It/8b+QOS1RYfqgGFNLRI+qlq2A==}
    engines: {node: '>=12'}
    cpu: [arm64]
    os: [linux]

  '@esbuild/linux-arm@0.20.2':
    resolution: {integrity: sha512-VhLPeR8HTMPccbuWWcEUD1Az68TqaTYyj6nfE4QByZIQEQVWBB8vup8PpR7y1QHL3CpcF6xd5WVBU/+SBEvGTg==}
    engines: {node: '>=12'}
    cpu: [arm]
    os: [linux]

  '@esbuild/linux-ia32@0.20.2':
    resolution: {integrity: sha512-o10utieEkNPFDZFQm9CoP7Tvb33UutoJqg3qKf1PWVeeJhJw0Q347PxMvBgVVFgouYLGIhFYG0UGdBumROyiig==}
    engines: {node: '>=12'}
    cpu: [ia32]
    os: [linux]

  '@esbuild/linux-loong64@0.20.2':
    resolution: {integrity: sha512-PR7sp6R/UC4CFVomVINKJ80pMFlfDfMQMYynX7t1tNTeivQ6XdX5r2XovMmha/VjR1YN/HgHWsVcTRIMkymrgQ==}
    engines: {node: '>=12'}
    cpu: [loong64]
    os: [linux]

  '@esbuild/linux-mips64el@0.20.2':
    resolution: {integrity: sha512-4BlTqeutE/KnOiTG5Y6Sb/Hw6hsBOZapOVF6njAESHInhlQAghVVZL1ZpIctBOoTFbQyGW+LsVYZ8lSSB3wkjA==}
    engines: {node: '>=12'}
    cpu: [mips64el]
    os: [linux]

  '@esbuild/linux-ppc64@0.20.2':
    resolution: {integrity: sha512-rD3KsaDprDcfajSKdn25ooz5J5/fWBylaaXkuotBDGnMnDP1Uv5DLAN/45qfnf3JDYyJv/ytGHQaziHUdyzaAg==}
    engines: {node: '>=12'}
    cpu: [ppc64]
    os: [linux]

  '@esbuild/linux-riscv64@0.20.2':
    resolution: {integrity: sha512-snwmBKacKmwTMmhLlz/3aH1Q9T8v45bKYGE3j26TsaOVtjIag4wLfWSiZykXzXuE1kbCE+zJRmwp+ZbIHinnVg==}
    engines: {node: '>=12'}
    cpu: [riscv64]
    os: [linux]

  '@esbuild/linux-s390x@0.20.2':
    resolution: {integrity: sha512-wcWISOobRWNm3cezm5HOZcYz1sKoHLd8VL1dl309DiixxVFoFe/o8HnwuIwn6sXre88Nwj+VwZUvJf4AFxkyrQ==}
    engines: {node: '>=12'}
    cpu: [s390x]
    os: [linux]

  '@esbuild/linux-x64@0.20.2':
    resolution: {integrity: sha512-1MdwI6OOTsfQfek8sLwgyjOXAu+wKhLEoaOLTjbijk6E2WONYpH9ZU2mNtR+lZ2B4uwr+usqGuVfFT9tMtGvGw==}
    engines: {node: '>=12'}
    cpu: [x64]
    os: [linux]

  '@esbuild/netbsd-x64@0.20.2':
    resolution: {integrity: sha512-K8/DhBxcVQkzYc43yJXDSyjlFeHQJBiowJ0uVL6Tor3jGQfSGHNNJcWxNbOI8v5k82prYqzPuwkzHt3J1T1iZQ==}
    engines: {node: '>=12'}
    cpu: [x64]
    os: [netbsd]

  '@esbuild/openbsd-x64@0.20.2':
    resolution: {integrity: sha512-eMpKlV0SThJmmJgiVyN9jTPJ2VBPquf6Kt/nAoo6DgHAoN57K15ZghiHaMvqjCye/uU4X5u3YSMgVBI1h3vKrQ==}
    engines: {node: '>=12'}
    cpu: [x64]
    os: [openbsd]

  '@esbuild/sunos-x64@0.20.2':
    resolution: {integrity: sha512-2UyFtRC6cXLyejf/YEld4Hajo7UHILetzE1vsRcGL3earZEW77JxrFjH4Ez2qaTiEfMgAXxfAZCm1fvM/G/o8w==}
    engines: {node: '>=12'}
    cpu: [x64]
    os: [sunos]

  '@esbuild/win32-arm64@0.20.2':
    resolution: {integrity: sha512-GRibxoawM9ZCnDxnP3usoUDO9vUkpAxIIZ6GQI+IlVmr5kP3zUq+l17xELTHMWTWzjxa2guPNyrpq1GWmPvcGQ==}
    engines: {node: '>=12'}
    cpu: [arm64]
    os: [win32]

  '@esbuild/win32-ia32@0.20.2':
    resolution: {integrity: sha512-HfLOfn9YWmkSKRQqovpnITazdtquEW8/SoHW7pWpuEeguaZI4QnCRW6b+oZTztdBnZOS2hqJ6im/D5cPzBTTlQ==}
    engines: {node: '>=12'}
    cpu: [ia32]
    os: [win32]

  '@esbuild/win32-x64@0.20.2':
    resolution: {integrity: sha512-N49X4lJX27+l9jbLKSqZ6bKNjzQvHaT8IIFUy+YIqmXQdjYCToGWwOItDrfby14c78aDd5NHQl29xingXfCdLQ==}
    engines: {node: '>=12'}
    cpu: [x64]
    os: [win32]

  '@opentelemetry/api@1.8.0':
    resolution: {integrity: sha512-I/s6F7yKUDdtMsoBWXJe8Qz40Tui5vsuKCWJEWVL+5q9sSWRzzx6v2KeNsOBEwd94j0eWkpWCH4yB6rZg9Mf0w==}
    engines: {node: '>=8.0.0'}

  '@opentelemetry/context-async-hooks@1.24.0':
    resolution: {integrity: sha512-s7xaQ9ifDpJvwbWRLkZD/J5hY35w+MECm4TQUkg6szRcny9lf6oVhWij4w3JJFQgvHQMXU7oXOpX8Z05HxV/8g==}
    engines: {node: '>=14'}
    peerDependencies:
      '@opentelemetry/api': '>=1.0.0 <1.9.0'

  '@opentelemetry/core@1.24.0':
    resolution: {integrity: sha512-FP2oN7mVPqcdxJDTTnKExj4mi91EH+DNuArKfHTjPuJWe2K1JfMIVXNfahw1h3onJxQnxS8K0stKkogX05s+Aw==}
    engines: {node: '>=14'}
    peerDependencies:
      '@opentelemetry/api': '>=1.0.0 <1.9.0'

  '@opentelemetry/propagator-b3@1.24.0':
    resolution: {integrity: sha512-7TMIDE4+NO5vnkor+zned42wqca+hmhW5gWKhmYjUHC5B5uojo1PvtmBrd7kigFu96XvL4ZUWVzibWRWIQ/++Q==}
    engines: {node: '>=14'}
    peerDependencies:
      '@opentelemetry/api': '>=1.0.0 <1.9.0'

  '@opentelemetry/propagator-jaeger@1.24.0':
    resolution: {integrity: sha512-r3MX3AmJiUeiWTXSDOdwBeaO+ahvWcFCpuKxmhhsH8Q8LqDnjhNd3krqBh4Qsq9wa0WhWtiQaDs/NOCWoMOlOw==}
    engines: {node: '>=14'}
    peerDependencies:
      '@opentelemetry/api': '>=1.0.0 <1.9.0'

  '@opentelemetry/resources@1.24.0':
    resolution: {integrity: sha512-mxC7E7ocUS1tLzepnA7O9/G8G6ZTdjCH2pXme1DDDuCuk6n2/53GADX+GWBuyX0dfIxeMInIbJAdjlfN9GNr6A==}
    engines: {node: '>=14'}
    peerDependencies:
      '@opentelemetry/api': '>=1.0.0 <1.9.0'

  '@opentelemetry/sdk-metrics@1.24.0':
    resolution: {integrity: sha512-4tJ+E6N019OZVB/nUW/LoK9xHxfeh88TCoaTqHeLBE9wLYfi6irWW6J9cphMav7J8Qk0D5b7/RM4VEY4dArWOA==}
    engines: {node: '>=14'}
    peerDependencies:
      '@opentelemetry/api': '>=1.3.0 <1.9.0'

  '@opentelemetry/sdk-trace-base@1.24.0':
    resolution: {integrity: sha512-H9sLETZ4jw9UJ3totV8oM5R0m4CW0ZIOLfp4NV3g0CM8HD5zGZcaW88xqzWDgiYRpctFxd+WmHtGX/Upoa2vRg==}
    engines: {node: '>=14'}
    peerDependencies:
      '@opentelemetry/api': '>=1.0.0 <1.9.0'

  '@opentelemetry/sdk-trace-node@1.24.0':
    resolution: {integrity: sha512-QgByHmM9uloTpcYEEyW9YJEIMKHFSIM677RH9pJPWWwtM2NQFbEp/8HIJw80Ymtaz6cAxg1Kay1ByqIVzq3t5g==}
    engines: {node: '>=14'}
    peerDependencies:
      '@opentelemetry/api': '>=1.0.0 <1.9.0'

  '@opentelemetry/sdk-trace-web@1.24.0':
    resolution: {integrity: sha512-G0q8aZPUhRtO/iw2BkjHeNqCMBf0JQX5VqqiPWXn9u5iRkpeQ6LZrGaiymKWOdEqtXCgM44yrCY/4WoJqR0bjQ==}
    engines: {node: '>=14'}
    peerDependencies:
      '@opentelemetry/api': '>=1.0.0 <1.9.0'

  '@opentelemetry/semantic-conventions@1.24.0':
    resolution: {integrity: sha512-yL0jI6Ltuz8R+Opj7jClGrul6pOoYrdfVmzQS4SITXRPH7I5IRZbrwe/6/v8v4WYMa6MYZG480S1+uc/IGfqsA==}
    engines: {node: '>=14'}

  '@parcel/watcher-android-arm64@2.4.1':
    resolution: {integrity: sha512-LOi/WTbbh3aTn2RYddrO8pnapixAziFl6SMxHM69r3tvdSm94JtCenaKgk1GRg5FJ5wpMCpHeW+7yqPlvZv7kg==}
    engines: {node: '>= 10.0.0'}
    cpu: [arm64]
    os: [android]

  '@parcel/watcher-darwin-arm64@2.4.1':
    resolution: {integrity: sha512-ln41eihm5YXIY043vBrrHfn94SIBlqOWmoROhsMVTSXGh0QahKGy77tfEywQ7v3NywyxBBkGIfrWRHm0hsKtzA==}
    engines: {node: '>= 10.0.0'}
    cpu: [arm64]
    os: [darwin]

  '@parcel/watcher-darwin-x64@2.4.1':
    resolution: {integrity: sha512-yrw81BRLjjtHyDu7J61oPuSoeYWR3lDElcPGJyOvIXmor6DEo7/G2u1o7I38cwlcoBHQFULqF6nesIX3tsEXMg==}
    engines: {node: '>= 10.0.0'}
    cpu: [x64]
    os: [darwin]

  '@parcel/watcher-freebsd-x64@2.4.1':
    resolution: {integrity: sha512-TJa3Pex/gX3CWIx/Co8k+ykNdDCLx+TuZj3f3h7eOjgpdKM+Mnix37RYsYU4LHhiYJz3DK5nFCCra81p6g050w==}
    engines: {node: '>= 10.0.0'}
    cpu: [x64]
    os: [freebsd]

  '@parcel/watcher-linux-arm-glibc@2.4.1':
    resolution: {integrity: sha512-4rVYDlsMEYfa537BRXxJ5UF4ddNwnr2/1O4MHM5PjI9cvV2qymvhwZSFgXqbS8YoTk5i/JR0L0JDs69BUn45YA==}
    engines: {node: '>= 10.0.0'}
    cpu: [arm]
    os: [linux]

  '@parcel/watcher-linux-arm64-glibc@2.4.1':
    resolution: {integrity: sha512-BJ7mH985OADVLpbrzCLgrJ3TOpiZggE9FMblfO65PlOCdG++xJpKUJ0Aol74ZUIYfb8WsRlUdgrZxKkz3zXWYA==}
    engines: {node: '>= 10.0.0'}
    cpu: [arm64]
    os: [linux]

  '@parcel/watcher-linux-arm64-musl@2.4.1':
    resolution: {integrity: sha512-p4Xb7JGq3MLgAfYhslU2SjoV9G0kI0Xry0kuxeG/41UfpjHGOhv7UoUDAz/jb1u2elbhazy4rRBL8PegPJFBhA==}
    engines: {node: '>= 10.0.0'}
    cpu: [arm64]
    os: [linux]

  '@parcel/watcher-linux-x64-glibc@2.4.1':
    resolution: {integrity: sha512-s9O3fByZ/2pyYDPoLM6zt92yu6P4E39a03zvO0qCHOTjxmt3GHRMLuRZEWhWLASTMSrrnVNWdVI/+pUElJBBBg==}
    engines: {node: '>= 10.0.0'}
    cpu: [x64]
    os: [linux]

  '@parcel/watcher-linux-x64-musl@2.4.1':
    resolution: {integrity: sha512-L2nZTYR1myLNST0O632g0Dx9LyMNHrn6TOt76sYxWLdff3cB22/GZX2UPtJnaqQPdCRoszoY5rcOj4oMTtp5fQ==}
    engines: {node: '>= 10.0.0'}
    cpu: [x64]
    os: [linux]

  '@parcel/watcher-win32-arm64@2.4.1':
    resolution: {integrity: sha512-Uq2BPp5GWhrq/lcuItCHoqxjULU1QYEcyjSO5jqqOK8RNFDBQnenMMx4gAl3v8GiWa59E9+uDM7yZ6LxwUIfRg==}
    engines: {node: '>= 10.0.0'}
    cpu: [arm64]
    os: [win32]

  '@parcel/watcher-win32-ia32@2.4.1':
    resolution: {integrity: sha512-maNRit5QQV2kgHFSYwftmPBxiuK5u4DXjbXx7q6eKjq5dsLXZ4FJiVvlcw35QXzk0KrUecJmuVFbj4uV9oYrcw==}
    engines: {node: '>= 10.0.0'}
    cpu: [ia32]
    os: [win32]

  '@parcel/watcher-win32-x64@2.4.1':
    resolution: {integrity: sha512-+DvS92F9ezicfswqrvIRM2njcYJbd5mb9CUgtrHCHmvn7pPPa+nMDRu1o1bYYz/l5IB2NVGNJWiH7h1E58IF2A==}
    engines: {node: '>= 10.0.0'}
    cpu: [x64]
    os: [win32]

  '@parcel/watcher@2.4.1':
    resolution: {integrity: sha512-HNjmfLQEVRZmHRET336f20H/8kOozUGwk7yajvsonjNxbj2wBTK1WsQuHkD5yYh9RxFGL2EyDHryOihOwUoKDA==}
    engines: {node: '>= 10.0.0'}

  '@types/node@20.12.8':
    resolution: {integrity: sha512-NU0rJLJnshZWdE/097cdCBbyW1h4hEg0xpovcoAQYHl8dnEyp/NAOiE45pvc+Bd1Dt+2r94v2eGFpQJ4R7g+2w==}

  braces@3.0.2:
    resolution: {integrity: sha512-b8um+L1RzM3WDSzvhm6gIz1yfTbBt6YTlcEKAvsmqCZZFw46z626lVj9j1yEPW33H5H+lBQpZMP1k8l+78Ha0A==}
    engines: {node: '>=8'}

  detect-libc@1.0.3:
    resolution: {integrity: sha512-pGjwhsmsp4kL2RTz08wcOlGN83otlqHeD/Z5T8GXZB+/YcpQ/dgo+lbU8ZsGxV0HIvqqxo9l7mqYwyYMD9bKDg==}
    engines: {node: '>=0.10'}
    hasBin: true

  effect@3.1.2:
    resolution: {integrity: sha512-XakSWck6w6ROqKyEys0tKE9K6Gx2p8W/09u2ZTEZZrneO5Z3QEdPhXzWTyC73kD5zUvfJinZLVIas8I1xoHaTg==}

  esbuild@0.20.2:
    resolution: {integrity: sha512-WdOOppmUNU+IbZ0PaDiTst80zjnrOkyJNHoKupIcVyU8Lvla3Ugx94VzkQ32Ijqd7UhHJy75gNWDMUekcrSJ6g==}
    engines: {node: '>=12'}
    hasBin: true

  fast-check@3.15.1:
    resolution: {integrity: sha512-GutOXZ+SCxGaFWfHe0Pbeq8PrkpGtPxA9/hdkI3s9YzqeMlrq5RdJ+QfYZ/S93jMX+tAyqgW0z5c9ppD+vkGUw==}
    engines: {node: '>=8.0.0'}

  fast-decode-uri-component@1.0.1:
    resolution: {integrity: sha512-WKgKWg5eUxvRZGwW8FvfbaH7AXSh2cL+3j5fMGzUMCxWBJ3dV3a7Wz8y2f/uQ0e3B6WmodD3oS54jTQ9HVTIIg==}

  fast-querystring@1.1.2:
    resolution: {integrity: sha512-g6KuKWmFXc0fID8WWH0jit4g0AGBoJhCkJMb1RmbsSEUNvQ+ZC8D6CUZ+GtF8nMzSPXnhiePyyqqipzNNEnHjg==}

  fill-range@7.0.1:
    resolution: {integrity: sha512-qOo9F+dMUmC2Lcb4BbVvnKJxTPjCm+RRpe4gDuGrzkL7mEVl/djYSu2OdQ2Pa302N4oqkSg9ir6jaLWJ2USVpQ==}
    engines: {node: '>=8'}

  find-my-way-ts@0.1.2:
    resolution: {integrity: sha512-AWsH49RGcyayzzxSAkwQKC1bToY5ForAfNreix88slo7wijg1wwTtCPvUUoVm/qhIY3UVSHBKApw8mOGPxsvSg==}

  fsevents@2.3.3:
    resolution: {integrity: sha512-5xoDfX+fL7faATnagmWPpbFtwh/R77WmMMqqHGS65C3vvB0YHrgF+B1YmZ3441tMj5n63k0212XNoJwzlhffQw==}
    engines: {node: ^8.16.0 || ^10.6.0 || >=11.0.0}
    os: [darwin]

  get-tsconfig@4.7.3:
    resolution: {integrity: sha512-ZvkrzoUA0PQZM6fy6+/Hce561s+faD1rsNwhnO5FelNjyy7EMGJ3Rz1AQ8GYDWjhRs/7dBLOEJvhK8MiEJOAFg==}

  is-extglob@2.1.1:
    resolution: {integrity: sha512-SbKbANkN603Vi4jEZv49LeVJMn4yGwsbzZworEoyEiutsN3nJYdbO36zfhGJ6QEDpOZIFkDtnq5JRxmvl3jsoQ==}
    engines: {node: '>=0.10.0'}

  is-glob@4.0.3:
    resolution: {integrity: sha512-xelSayHH36ZgE7ZWhli7pW34hNbNl8Ojv5KVmkJD4hBdD3th8Tfk9vYasLM+mXWOZhFkgZfxhLSnrwRr4elSSg==}
    engines: {node: '>=0.10.0'}

  is-number@7.0.0:
    resolution: {integrity: sha512-41Cifkg6e8TylSpdtTpeLVMqvSBEVzTttHvERD741+pnZ8ANv0004MRL43QKPDlK9cGvNp6NZWZUBlbGXYxxng==}
    engines: {node: '>=0.12.0'}

  isows@1.0.4:
    resolution: {integrity: sha512-hEzjY+x9u9hPmBom9IIAqdJCwNLax+xrPb51vEPpERoFlIxgmZcHzsT5jKG06nvInKOBGvReAVz80Umed5CczQ==}
    peerDependencies:
      ws: '*'

  lodash.merge@4.6.2:
    resolution: {integrity: sha512-0KpjqXRVvrYyCsX1swR/XTK0va6VQkQM6MNo7PqW77ByjAhoARA8EfrP1N4+KlKj8YS0ZUCtRT/YUuhyYDujIQ==}

  lru-cache@6.0.0:
    resolution: {integrity: sha512-Jo6dJ04CmSjuznwJSS3pUeWmd/H0ffTlkXXgwZi+eq1UCmqQwCh+eLsYOYCwY991i2Fah4h1BEMCx4qThGbsiA==}
    engines: {node: '>=10'}

  micromatch@4.0.5:
    resolution: {integrity: sha512-DMy+ERcEW2q8Z2Po+WNXuw3c5YaUSFjAO5GsJqfEl7UjvtIuFKO6ZrKvcItdy98dwFI2N1tg3zNIdKaQT+aNdA==}
    engines: {node: '>=8.6'}

  mime@3.0.0:
    resolution: {integrity: sha512-jSCU7/VB1loIWBZe14aEYHU/+1UMEHoaO7qxCOVJOw9GgH72VAWppxNcjU+x9a2k3GSIBXNKxXQFqRvvZ7vr3A==}
    engines: {node: '>=10.0.0'}
    hasBin: true

  multipasta@0.2.1:
    resolution: {integrity: sha512-0NR15o5iewJFMsZ4jN6cztCd4izTLZPyHUfBrakbg/x70B8zplPE6qumbs+A7LmhGtQMzpN/K8MOOdifMgAKFA==}

  node-addon-api@7.1.0:
    resolution: {integrity: sha512-mNcltoe1R8o7STTegSOHdnJNN7s5EUvhoS7ShnTHDyOSd+8H+UdWODq6qSv67PjC8Zc5JRT8+oLAMCr0SIXw7g==}
    engines: {node: ^16 || ^18 || >= 20}

  path-browserify@1.0.1:
    resolution: {integrity: sha512-b7uo2UCUOYZcnF/3ID0lulOJi/bafxa1xPe7ZPsammBSpjSWQkjNxlt635YGS2MiR9GjvuXCtz2emr3jbsz98g==}

  picomatch@2.3.1:
    resolution: {integrity: sha512-JU3teHTNjmE2VCGFzuY8EXzCDVwEqB2a8fsIvwaStHhAWJEeVd1o1QD80CU6+ZdEXXSLbSsuLwJjkCBWqRQUVA==}
    engines: {node: '>=8.6'}

  pure-rand@6.0.4:
    resolution: {integrity: sha512-LA0Y9kxMYv47GIPJy6MI84fqTd2HmYZI83W/kM/SkKfDlajnZYfmXFTxkbY+xSBPkLJxltMa9hIkmdc29eguMA==}

  resolve-pkg-maps@1.0.0:
    resolution: {integrity: sha512-seS2Tj26TBVOC2NIc2rOe2y2ZO7efxITtLZcGSOnHHNOQ7CkiUBfw0Iw2ck6xkIhPwLhKNLS8BO+hEpngQlqzw==}

  semver@7.6.0:
    resolution: {integrity: sha512-EnwXhrlwXMk9gKu5/flx5sv/an57AkRplG3hTK68W7FRDN+k+OWBj65M7719OkA82XLBxrcX0KSHj+X5COhOVg==}
    engines: {node: '>=10'}
    hasBin: true

  to-regex-range@5.0.1:
    resolution: {integrity: sha512-65P7iz6X5yEr1cwcgvQxbbIw7Uk3gOy5dIdtZ4rDveLqhrdJP+Li/Hx6tyK0NEb+2GCyneCMJiGqrADCSNk8sQ==}
    engines: {node: '>=8.0'}

  tsx@4.9.0:
    resolution: {integrity: sha512-UY0UUhDPL6MkqkZU4xTEjEBOLfV+RIt4xeeJ1qwK73xai4/zveG+X6+tieILa7rjtegUW2LE4p7fw7gAoLuytA==}
    engines: {node: '>=18.0.0'}
    hasBin: true

  typescript@5.4.5:
    resolution: {integrity: sha512-vcI4UpRgg81oIRUFwR0WSIHKt11nJ7SAVlYNIu+QpqeyXP+gpQJy/Z4+F0aGxSE4MqwjyXvW/TzgkLAx2AGHwQ==}
    engines: {node: '>=14.17'}
    hasBin: true

  undici-types@5.26.5:
    resolution: {integrity: sha512-JlCMO+ehdEIKqlFxk6IfVoAUVmgz7cU7zD/h9XZ0qzeosSHmUJVOzSQvvYSYWXkFXC+IfLKSIffhv0sVZup6pA==}

  undici@6.15.0:
    resolution: {integrity: sha512-VviMt2tlMg1BvQ0FKXxrz1eJuyrcISrL2sPfBf7ZskX/FCEc/7LeThQaoygsMJpNqrATWQIsRVx+1Dpe4jaYuQ==}
    engines: {node: '>=18.17'}

  ws@8.17.0:
    resolution: {integrity: sha512-uJq6108EgZMAl20KagGkzCKfMEjxmKvZHG7Tlq0Z6nOky7YF7aq4mOx6xK8TJ/i1LeK4Qus7INktacctDgY8Ow==}
    engines: {node: '>=10.0.0'}
    peerDependencies:
      bufferutil: ^4.0.1
      utf-8-validate: '>=5.0.2'
    peerDependenciesMeta:
      bufferutil:
        optional: true
      utf-8-validate:
        optional: true

  yallist@4.0.0:
    resolution: {integrity: sha512-3wdGidZyq5PB084XLES5TpOSRA3wjXAlIWMhum2kRcv/41Sn2emQ0dycQW4uZXLejwKvg6EsvbdlVL+FYEct7A==}

snapshots:

  '@effect/opentelemetry@0.34.2(@opentelemetry/api@1.8.0)(@opentelemetry/resources@1.24.0(@opentelemetry/api@1.8.0))(@opentelemetry/sdk-metrics@1.24.0(@opentelemetry/api@1.8.0))(@opentelemetry/sdk-trace-base@1.24.0(@opentelemetry/api@1.8.0))(@opentelemetry/sdk-trace-node@1.24.0(@opentelemetry/api@1.8.0))(@opentelemetry/sdk-trace-web@1.24.0(@opentelemetry/api@1.8.0))(@opentelemetry/semantic-conventions@1.24.0)(effect@3.1.2)':
    dependencies:
      '@opentelemetry/api': 1.8.0
      '@opentelemetry/resources': 1.24.0(@opentelemetry/api@1.8.0)
      '@opentelemetry/semantic-conventions': 1.24.0
      effect: 3.1.2
    optionalDependencies:
      '@opentelemetry/sdk-metrics': 1.24.0(@opentelemetry/api@1.8.0)
      '@opentelemetry/sdk-trace-base': 1.24.0(@opentelemetry/api@1.8.0)
      '@opentelemetry/sdk-trace-node': 1.24.0(@opentelemetry/api@1.8.0)
      '@opentelemetry/sdk-trace-web': 1.24.0(@opentelemetry/api@1.8.0)

  '@effect/platform-node-shared@0.4.17(@effect/platform@0.52.2(@effect/schema@0.66.14(effect@3.1.2)(fast-check@3.15.1))(effect@3.1.2)(ws@8.17.0))(effect@3.1.2)':
    dependencies:
      '@effect/platform': 0.52.2(@effect/schema@0.66.14(effect@3.1.2)(fast-check@3.15.1))(effect@3.1.2)(ws@8.17.0)
      '@parcel/watcher': 2.4.1
      effect: 3.1.2
      multipasta: 0.2.1

  '@effect/platform-node@0.48.3(@effect/platform@0.52.2(@effect/schema@0.66.14(effect@3.1.2)(fast-check@3.15.1))(effect@3.1.2)(ws@8.17.0))(effect@3.1.2)':
    dependencies:
      '@effect/platform': 0.52.2(@effect/schema@0.66.14(effect@3.1.2)(fast-check@3.15.1))(effect@3.1.2)(ws@8.17.0)
      '@effect/platform-node-shared': 0.4.17(@effect/platform@0.52.2(@effect/schema@0.66.14(effect@3.1.2)(fast-check@3.15.1))(effect@3.1.2)(ws@8.17.0))(effect@3.1.2)
      effect: 3.1.2
      mime: 3.0.0
      undici: 6.15.0
      ws: 8.17.0
    transitivePeerDependencies:
      - bufferutil
      - utf-8-validate

  '@effect/platform@0.52.2(@effect/schema@0.66.14(effect@3.1.2)(fast-check@3.15.1))(effect@3.1.2)(ws@8.17.0)':
    dependencies:
      '@effect/schema': 0.66.14(effect@3.1.2)(fast-check@3.15.1)
      effect: 3.1.2
      find-my-way-ts: 0.1.2
      isows: 1.0.4(ws@8.17.0)
      multipasta: 0.2.1
      path-browserify: 1.0.1
    transitivePeerDependencies:
      - ws

  '@effect/schema@0.66.14(effect@3.1.2)(fast-check@3.15.1)':
    dependencies:
      effect: 3.1.2
      fast-check: 3.15.1

  '@esbuild/aix-ppc64@0.20.2':
    optional: true

  '@esbuild/android-arm64@0.20.2':
    optional: true

  '@esbuild/android-arm@0.20.2':
    optional: true

  '@esbuild/android-x64@0.20.2':
    optional: true

  '@esbuild/darwin-arm64@0.20.2':
    optional: true

  '@esbuild/darwin-x64@0.20.2':
    optional: true

  '@esbuild/freebsd-arm64@0.20.2':
    optional: true

  '@esbuild/freebsd-x64@0.20.2':
    optional: true

  '@esbuild/linux-arm64@0.20.2':
    optional: true

  '@esbuild/linux-arm@0.20.2':
    optional: true

  '@esbuild/linux-ia32@0.20.2':
    optional: true

  '@esbuild/linux-loong64@0.20.2':
    optional: true

  '@esbuild/linux-mips64el@0.20.2':
    optional: true

  '@esbuild/linux-ppc64@0.20.2':
    optional: true

  '@esbuild/linux-riscv64@0.20.2':
    optional: true

  '@esbuild/linux-s390x@0.20.2':
    optional: true

  '@esbuild/linux-x64@0.20.2':
    optional: true

  '@esbuild/netbsd-x64@0.20.2':
    optional: true

  '@esbuild/openbsd-x64@0.20.2':
    optional: true

  '@esbuild/sunos-x64@0.20.2':
    optional: true

  '@esbuild/win32-arm64@0.20.2':
    optional: true

  '@esbuild/win32-ia32@0.20.2':
    optional: true

  '@esbuild/win32-x64@0.20.2':
    optional: true

  '@opentelemetry/api@1.8.0': {}

  '@opentelemetry/context-async-hooks@1.24.0(@opentelemetry/api@1.8.0)':
    dependencies:
      '@opentelemetry/api': 1.8.0

  '@opentelemetry/core@1.24.0(@opentelemetry/api@1.8.0)':
    dependencies:
      '@opentelemetry/api': 1.8.0
      '@opentelemetry/semantic-conventions': 1.24.0

  '@opentelemetry/propagator-b3@1.24.0(@opentelemetry/api@1.8.0)':
    dependencies:
      '@opentelemetry/api': 1.8.0
      '@opentelemetry/core': 1.24.0(@opentelemetry/api@1.8.0)

  '@opentelemetry/propagator-jaeger@1.24.0(@opentelemetry/api@1.8.0)':
    dependencies:
      '@opentelemetry/api': 1.8.0
      '@opentelemetry/core': 1.24.0(@opentelemetry/api@1.8.0)

  '@opentelemetry/resources@1.24.0(@opentelemetry/api@1.8.0)':
    dependencies:
      '@opentelemetry/api': 1.8.0
      '@opentelemetry/core': 1.24.0(@opentelemetry/api@1.8.0)
      '@opentelemetry/semantic-conventions': 1.24.0

  '@opentelemetry/sdk-metrics@1.24.0(@opentelemetry/api@1.8.0)':
    dependencies:
      '@opentelemetry/api': 1.8.0
      '@opentelemetry/core': 1.24.0(@opentelemetry/api@1.8.0)
      '@opentelemetry/resources': 1.24.0(@opentelemetry/api@1.8.0)
      lodash.merge: 4.6.2

  '@opentelemetry/sdk-trace-base@1.24.0(@opentelemetry/api@1.8.0)':
    dependencies:
      '@opentelemetry/api': 1.8.0
      '@opentelemetry/core': 1.24.0(@opentelemetry/api@1.8.0)
      '@opentelemetry/resources': 1.24.0(@opentelemetry/api@1.8.0)
      '@opentelemetry/semantic-conventions': 1.24.0

  '@opentelemetry/sdk-trace-node@1.24.0(@opentelemetry/api@1.8.0)':
    dependencies:
      '@opentelemetry/api': 1.8.0
      '@opentelemetry/context-async-hooks': 1.24.0(@opentelemetry/api@1.8.0)
      '@opentelemetry/core': 1.24.0(@opentelemetry/api@1.8.0)
      '@opentelemetry/propagator-b3': 1.24.0(@opentelemetry/api@1.8.0)
      '@opentelemetry/propagator-jaeger': 1.24.0(@opentelemetry/api@1.8.0)
      '@opentelemetry/sdk-trace-base': 1.24.0(@opentelemetry/api@1.8.0)
      semver: 7.6.0

  '@opentelemetry/sdk-trace-web@1.24.0(@opentelemetry/api@1.8.0)':
    dependencies:
      '@opentelemetry/api': 1.8.0
      '@opentelemetry/core': 1.24.0(@opentelemetry/api@1.8.0)
      '@opentelemetry/sdk-trace-base': 1.24.0(@opentelemetry/api@1.8.0)
      '@opentelemetry/semantic-conventions': 1.24.0

  '@opentelemetry/semantic-conventions@1.24.0': {}

  '@parcel/watcher-android-arm64@2.4.1':
    optional: true

  '@parcel/watcher-darwin-arm64@2.4.1':
    optional: true

  '@parcel/watcher-darwin-x64@2.4.1':
    optional: true

  '@parcel/watcher-freebsd-x64@2.4.1':
    optional: true

  '@parcel/watcher-linux-arm-glibc@2.4.1':
    optional: true

  '@parcel/watcher-linux-arm64-glibc@2.4.1':
    optional: true

  '@parcel/watcher-linux-arm64-musl@2.4.1':
    optional: true

  '@parcel/watcher-linux-x64-glibc@2.4.1':
    optional: true

  '@parcel/watcher-linux-x64-musl@2.4.1':
    optional: true

  '@parcel/watcher-win32-arm64@2.4.1':
    optional: true

  '@parcel/watcher-win32-ia32@2.4.1':
    optional: true

  '@parcel/watcher-win32-x64@2.4.1':
    optional: true

  '@parcel/watcher@2.4.1':
    dependencies:
      detect-libc: 1.0.3
      is-glob: 4.0.3
      micromatch: 4.0.5
      node-addon-api: 7.1.0
    optionalDependencies:
      '@parcel/watcher-android-arm64': 2.4.1
      '@parcel/watcher-darwin-arm64': 2.4.1
      '@parcel/watcher-darwin-x64': 2.4.1
      '@parcel/watcher-freebsd-x64': 2.4.1
      '@parcel/watcher-linux-arm-glibc': 2.4.1
      '@parcel/watcher-linux-arm64-glibc': 2.4.1
      '@parcel/watcher-linux-arm64-musl': 2.4.1
      '@parcel/watcher-linux-x64-glibc': 2.4.1
      '@parcel/watcher-linux-x64-musl': 2.4.1
      '@parcel/watcher-win32-arm64': 2.4.1
      '@parcel/watcher-win32-ia32': 2.4.1
      '@parcel/watcher-win32-x64': 2.4.1

  '@types/node@20.12.8':
    dependencies:
      undici-types: 5.26.5

  braces@3.0.2:
    dependencies:
      fill-range: 7.0.1

  detect-libc@1.0.3: {}

  effect@3.1.2: {}

  esbuild@0.20.2:
    optionalDependencies:
      '@esbuild/aix-ppc64': 0.20.2
      '@esbuild/android-arm': 0.20.2
      '@esbuild/android-arm64': 0.20.2
      '@esbuild/android-x64': 0.20.2
      '@esbuild/darwin-arm64': 0.20.2
      '@esbuild/darwin-x64': 0.20.2
      '@esbuild/freebsd-arm64': 0.20.2
      '@esbuild/freebsd-x64': 0.20.2
      '@esbuild/linux-arm': 0.20.2
      '@esbuild/linux-arm64': 0.20.2
      '@esbuild/linux-ia32': 0.20.2
      '@esbuild/linux-loong64': 0.20.2
      '@esbuild/linux-mips64el': 0.20.2
      '@esbuild/linux-ppc64': 0.20.2
      '@esbuild/linux-riscv64': 0.20.2
      '@esbuild/linux-s390x': 0.20.2
      '@esbuild/linux-x64': 0.20.2
      '@esbuild/netbsd-x64': 0.20.2
      '@esbuild/openbsd-x64': 0.20.2
      '@esbuild/sunos-x64': 0.20.2
      '@esbuild/win32-arm64': 0.20.2
      '@esbuild/win32-ia32': 0.20.2
      '@esbuild/win32-x64': 0.20.2

  fast-check@3.15.1:
    dependencies:
      pure-rand: 6.0.4

  fast-decode-uri-component@1.0.1: {}

  fast-querystring@1.1.2:
    dependencies:
      fast-decode-uri-component: 1.0.1

  fill-range@7.0.1:
    dependencies:
      to-regex-range: 5.0.1

  find-my-way-ts@0.1.2:
    dependencies:
      fast-querystring: 1.1.2

  fsevents@2.3.3:
    optional: true

  get-tsconfig@4.7.3:
    dependencies:
      resolve-pkg-maps: 1.0.0

  is-extglob@2.1.1: {}

  is-glob@4.0.3:
    dependencies:
      is-extglob: 2.1.1

  is-number@7.0.0: {}

  isows@1.0.4(ws@8.17.0):
    dependencies:
      ws: 8.17.0

  lodash.merge@4.6.2: {}

  lru-cache@6.0.0:
    dependencies:
      yallist: 4.0.0

  micromatch@4.0.5:
    dependencies:
      braces: 3.0.2
      picomatch: 2.3.1

  mime@3.0.0: {}

  multipasta@0.2.1: {}

  node-addon-api@7.1.0: {}

  path-browserify@1.0.1: {}

  picomatch@2.3.1: {}

  pure-rand@6.0.4: {}

  resolve-pkg-maps@1.0.0: {}

  semver@7.6.0:
    dependencies:
      lru-cache: 6.0.0

  to-regex-range@5.0.1:
    dependencies:
      is-number: 7.0.0

  tsx@4.9.0:
    dependencies:
      esbuild: 0.20.2
      get-tsconfig: 4.7.3
    optionalDependencies:
      fsevents: 2.3.3

  typescript@5.4.5: {}

  undici-types@5.26.5: {}

  undici@6.15.0: {}

  ws@8.17.0: {}

  yallist@4.0.0: {}
